
Microsoft Visual Studio Solution File, Format Version 12.00
# Visual Studio Version 16
VisualStudioVersion = 16.0.30503.244
MinimumVisualStudioVersion = 10.0.40219.1
Project("{FAE04EC0-301F-11D3-BF4B-00C04F79EFBC}") = "MineSweeper", "MineSweeper.csproj", "{BBC3CC73-6ED1-4554-9BF8-C9A6E9961257}"
EndProject
Global
	GlobalSection(SolutionConfigurationPlatforms) = preSolution
		Debug|Any CPU = Debug|Any CPU
		Release|Any CPU = Release|Any CPU
	EndGlobalSection
	GlobalSection(ProjectConfigurationPlatforms) = postSolution
		{BBC3CC73-6ED1-4554-9BF8-C9A6E9961257}.Debug|Any CPU.ActiveCfg = Debug|Any CPU
		{BBC3CC73-6ED1-4554-9BF8-C9A6E9961257}.Debug|Any CPU.Build.0 = Debug|Any CPU
		{BBC3CC73-6ED1-4554-9BF8-C9A6E9961257}.Release|Any CPU.ActiveCfg = Release|Any CPU
		{BBC3CC73-6ED1-4554-9BF8-C9A6E9961257}.Release|Any CPU.Build.0 = Release|Any CPU
	EndGlobalSection
	GlobalSection(SolutionProperties) = preSolution
		HideSolutionNode = FALSE
	EndGlobalSection
	GlobalSection(ExtensibilityGlobals) = postSolution
		SolutionGuid = {EB7E6AB7-FD0D-4F10-B142-FF341C8434D1}
	EndGlobalSection
EndGlobal
